
Microsoft Visual Studio Solution File, Format Version 12.00
# Visual Studio 14
VisualStudioVersion = 14.0.25420.1
MinimumVisualStudioVersion = 10.0.40219.1
Project("{FAE04EC0-301F-11D3-BF4B-00C04F79EFBC}") = "HyperMapper.Owin", "HyperMapper.Owin\HyperMapper.Owin.csproj", "{5AC0CFF9-6D73-42CF-A8AC-CC087FE9F322}"
EndProject
Project("{2150E333-8FDC-42A3-9474-1A3956D46DE8}") = "Examples", "Examples", "{E47CCB75-4A2B-4F6F-8168-2A1D32AACE39}"
EndProject
Project("{FAE04EC0-301F-11D3-BF4B-00C04F79EFBC}") = "HyperMapper", "Hypermapper\HyperMapper.csproj", "{410E2F8D-4641-4F94-867C-AAE2768C75BD}"
EndProject
Project("{FAE04EC0-301F-11D3-BF4B-00C04F79EFBC}") = "HyperMapper.Examples.TaskList.ResourceModel", "HyperMapper.Examples.TaskList.ResourceModel\HyperMapper.Examples.TaskList.ResourceModel.csproj", "{24743E70-7A8C-4D91-8EC5-E2C5DA4685B6}"
EndProject
Project("{FAE04EC0-301F-11D3-BF4B-00C04F79EFBC}") = "HyperMapper.Siren", "HyperMapper.Siren\HyperMapper.Siren.csproj", "{8FA8A692-DECE-4444-894A-CE7D613801E8}"
EndProject
Project("{FAE04EC0-301F-11D3-BF4B-00C04F79EFBC}") = "HyperMapper.Examples.Web", "HyperMapper.Examples.Web\HyperMapper.Examples.Web.csproj", "{D4501B25-2E89-4C78-9D83-639D56CE6D2D}"
EndProject
Project("{FAE04EC0-301F-11D3-BF4B-00C04F79EFBC}") = "HyperMapper.SirenServerSideRepresentor", "HyperMapper.SirenServerSideRepresentor\HyperMapper.SirenServerSideRepresentor.csproj", "{2ADA7767-CEF2-4F52-B19F-BDC784A1D91D}"
EndProject
Global
	GlobalSection(SolutionConfigurationPlatforms) = preSolution
		Debug|Any CPU = Debug|Any CPU
		Release|Any CPU = Release|Any CPU
	EndGlobalSection
	GlobalSection(ProjectConfigurationPlatforms) = postSolution
		{5AC0CFF9-6D73-42CF-A8AC-CC087FE9F322}.Debug|Any CPU.ActiveCfg = Debug|Any CPU
		{5AC0CFF9-6D73-42CF-A8AC-CC087FE9F322}.Debug|Any CPU.Build.0 = Debug|Any CPU
		{5AC0CFF9-6D73-42CF-A8AC-CC087FE9F322}.Release|Any CPU.ActiveCfg = Release|Any CPU
		{5AC0CFF9-6D73-42CF-A8AC-CC087FE9F322}.Release|Any CPU.Build.0 = Release|Any CPU
		{410E2F8D-4641-4F94-867C-AAE2768C75BD}.Debug|Any CPU.ActiveCfg = Debug|Any CPU
		{410E2F8D-4641-4F94-867C-AAE2768C75BD}.Debug|Any CPU.Build.0 = Debug|Any CPU
		{410E2F8D-4641-4F94-867C-AAE2768C75BD}.Release|Any CPU.ActiveCfg = Release|Any CPU
		{410E2F8D-4641-4F94-867C-AAE2768C75BD}.Release|Any CPU.Build.0 = Release|Any CPU
		{24743E70-7A8C-4D91-8EC5-E2C5DA4685B6}.Debug|Any CPU.ActiveCfg = Debug|Any CPU
		{24743E70-7A8C-4D91-8EC5-E2C5DA4685B6}.Debug|Any CPU.Build.0 = Debug|Any CPU
		{24743E70-7A8C-4D91-8EC5-E2C5DA4685B6}.Release|Any CPU.ActiveCfg = Release|Any CPU
		{24743E70-7A8C-4D91-8EC5-E2C5DA4685B6}.Release|Any CPU.Build.0 = Release|Any CPU
		{8FA8A692-DECE-4444-894A-CE7D613801E8}.Debug|Any CPU.ActiveCfg = Debug|Any CPU
		{8FA8A692-DECE-4444-894A-CE7D613801E8}.Debug|Any CPU.Build.0 = Debug|Any CPU
		{8FA8A692-DECE-4444-894A-CE7D613801E8}.Release|Any CPU.ActiveCfg = Release|Any CPU
		{8FA8A692-DECE-4444-894A-CE7D613801E8}.Release|Any CPU.Build.0 = Release|Any CPU
		{D4501B25-2E89-4C78-9D83-639D56CE6D2D}.Debug|Any CPU.ActiveCfg = Debug|Any CPU
		{D4501B25-2E89-4C78-9D83-639D56CE6D2D}.Debug|Any CPU.Build.0 = Debug|Any CPU
		{D4501B25-2E89-4C78-9D83-639D56CE6D2D}.Release|Any CPU.ActiveCfg = Release|Any CPU
		{D4501B25-2E89-4C78-9D83-639D56CE6D2D}.Release|Any CPU.Build.0 = Release|Any CPU
		{2ADA7767-CEF2-4F52-B19F-BDC784A1D91D}.Debug|Any CPU.ActiveCfg = Debug|Any CPU
		{2ADA7767-CEF2-4F52-B19F-BDC784A1D91D}.Debug|Any CPU.Build.0 = Debug|Any CPU
		{2ADA7767-CEF2-4F52-B19F-BDC784A1D91D}.Release|Any CPU.ActiveCfg = Release|Any CPU
		{2ADA7767-CEF2-4F52-B19F-BDC784A1D91D}.Release|Any CPU.Build.0 = Release|Any CPU
	EndGlobalSection
	GlobalSection(SolutionProperties) = preSolution
		HideSolutionNode = FALSE
	EndGlobalSection
	GlobalSection(NestedProjects) = preSolution
		{24743E70-7A8C-4D91-8EC5-E2C5DA4685B6} = {E47CCB75-4A2B-4F6F-8168-2A1D32AACE39}
		{D4501B25-2E89-4C78-9D83-639D56CE6D2D} = {E47CCB75-4A2B-4F6F-8168-2A1D32AACE39}
	EndGlobalSection
EndGlobal
